
Microsoft Visual Studio Solution File, Format Version 12.00
# Visual Studio 2013
VisualStudioVersion = 12.0.31101.0
MinimumVisualStudioVersion = 10.0.40219.1
Project("{FAE04EC0-301F-11D3-BF4B-00C04F79EFBC}") = "MovieMadness", "MovieMadness\MovieMadness.csproj", "{8C5457E6-C2AB-4522-9DAF-E0F93822CB1D}"
EndProject
Project("{FAE04EC0-301F-11D3-BF4B-00C04F79EFBC}") = "MovieMadness.Data", "MovieMadness.Data\MovieMadness.Data.csproj", "{E3F8C2B4-E1E3-48FD-9013-B1F766B519A3}"
EndProject
Project("{FAE04EC0-301F-11D3-BF4B-00C04F79EFBC}") = "MovieMadness.Model", "MovieMadness.Model\MovieMadness.Model.csproj", "{AB1E7763-73AD-41E0-83BE-8F7B47D67A06}"
EndProject
Global
	GlobalSection(SolutionConfigurationPlatforms) = preSolution
		Debug|Any CPU = Debug|Any CPU
		Release|Any CPU = Release|Any CPU
	EndGlobalSection
	GlobalSection(ProjectConfigurationPlatforms) = postSolution
		{8C5457E6-C2AB-4522-9DAF-E0F93822CB1D}.Debug|Any CPU.ActiveCfg = Debug|Any CPU
		{8C5457E6-C2AB-4522-9DAF-E0F93822CB1D}.Debug|Any CPU.Build.0 = Debug|Any CPU
		{8C5457E6-C2AB-4522-9DAF-E0F93822CB1D}.Release|Any CPU.ActiveCfg = Release|Any CPU
		{8C5457E6-C2AB-4522-9DAF-E0F93822CB1D}.Release|Any CPU.Build.0 = Release|Any CPU
		{E3F8C2B4-E1E3-48FD-9013-B1F766B519A3}.Debug|Any CPU.ActiveCfg = Debug|Any CPU
		{E3F8C2B4-E1E3-48FD-9013-B1F766B519A3}.Debug|Any CPU.Build.0 = Debug|Any CPU
		{E3F8C2B4-E1E3-48FD-9013-B1F766B519A3}.Release|Any CPU.ActiveCfg = Release|Any CPU
		{E3F8C2B4-E1E3-48FD-9013-B1F766B519A3}.Release|Any CPU.Build.0 = Release|Any CPU
		{AB1E7763-73AD-41E0-83BE-8F7B47D67A06}.Debug|Any CPU.ActiveCfg = Debug|Any CPU
		{AB1E7763-73AD-41E0-83BE-8F7B47D67A06}.Debug|Any CPU.Build.0 = Debug|Any CPU
		{AB1E7763-73AD-41E0-83BE-8F7B47D67A06}.Release|Any CPU.ActiveCfg = Release|Any CPU
		{AB1E7763-73AD-41E0-83BE-8F7B47D67A06}.Release|Any CPU.Build.0 = Release|Any CPU
	EndGlobalSection
	GlobalSection(SolutionProperties) = preSolution
		HideSolutionNode = FALSE
	EndGlobalSection
EndGlobal
